
Microsoft Visual Studio Solution File, Format Version 12.00
# Visual Studio Version 17
VisualStudioVersion = 17.0.32014.148
MinimumVisualStudioVersion = 10.0.40219.1
Project("{FAE04EC0-301F-11D3-BF4B-00C04F79EFBC}") = "WebAppCandidato", "WebAppCandidato\WebAppCandidato.csproj", "{685763C1-C30C-4BA8-B784-4B6EEE6C339F}"
EndProject
Global
	GlobalSection(SolutionConfigurationPlatforms) = preSolution
		Debug|Any CPU = Debug|Any CPU
		Release|Any CPU = Release|Any CPU
	EndGlobalSection
	GlobalSection(ProjectConfigurationPlatforms) = postSolution
		{685763C1-C30C-4BA8-B784-4B6EEE6C339F}.Debug|Any CPU.ActiveCfg = Debug|Any CPU
		{685763C1-C30C-4BA8-B784-4B6EEE6C339F}.Debug|Any CPU.Build.0 = Debug|Any CPU
		{685763C1-C30C-4BA8-B784-4B6EEE6C339F}.Release|Any CPU.ActiveCfg = Release|Any CPU
		{685763C1-C30C-4BA8-B784-4B6EEE6C339F}.Release|Any CPU.Build.0 = Release|Any CPU
	EndGlobalSection
	GlobalSection(SolutionProperties) = preSolution
		HideSolutionNode = FALSE
	EndGlobalSection
	GlobalSection(ExtensibilityGlobals) = postSolution
		SolutionGuid = {4459C4F6-3EA8-4454-8CB7-61D7003AE94D}
	EndGlobalSection
EndGlobal
